{
  "originHash" : "08e4734e36159384616ad8dad06388df500bbe837966c9a2abd57f57be696cb3",
  "pins" : [
    {
      "identity" : "swift-syntax",
      "kind" : "remoteSourceControl",
      "location" : "https://github.com/swiftlang/swift-syntax.git",
      "state" : {
        "revision" : "0687f71944021d616d34d922343dcef086855920",
        "version" : "600.0.1"
      }
    },
    {
      "identity" : "swift-testing",
      "kind" : "remoteSourceControl",
      "location" : "https://github.com/swiftlang/swift-testing.git",
      "state" : {
        "branch" : "main",
        "revision" : "1df9545d99b80d8b3ede1c6f3dda1c4087e829af"
      }
    }
  ],
  "version" : 3
}
